
Microsoft Visual Studio Solution File, Format Version 12.00
# Visual Studio Version 17
VisualStudioVersion = 17.2.32616.157
MinimumVisualStudioVersion = 10.0.40219.1
Project("{9A19103F-16F7-4668-BE54-9A1E7A4F7556}") = "managementapi", "managementapi\managementapi.csproj", "{34591E3B-E503-42E0-9DCB-A51F6A5AD0E1}"
EndProject
Project("{9A19103F-16F7-4668-BE54-9A1E7A4F7556}") = "webapp4_mvc", "webapp4_mvc\webapp4_mvc.csproj", "{17265F79-B057-4891-92EE-2125999F5BD9}"
EndProject
Global
	GlobalSection(SolutionConfigurationPlatforms) = preSolution
		Debug|Any CPU = Debug|Any CPU
		Release|Any CPU = Release|Any CPU
	EndGlobalSection
	GlobalSection(ProjectConfigurationPlatforms) = postSolution
		{34591E3B-E503-42E0-9DCB-A51F6A5AD0E1}.Debug|Any CPU.ActiveCfg = Debug|Any CPU
		{34591E3B-E503-42E0-9DCB-A51F6A5AD0E1}.Debug|Any CPU.Build.0 = Debug|Any CPU
		{34591E3B-E503-42E0-9DCB-A51F6A5AD0E1}.Release|Any CPU.ActiveCfg = Release|Any CPU
		{34591E3B-E503-42E0-9DCB-A51F6A5AD0E1}.Release|Any CPU.Build.0 = Release|Any CPU
		{17265F79-B057-4891-92EE-2125999F5BD9}.Debug|Any CPU.ActiveCfg = Debug|Any CPU
		{17265F79-B057-4891-92EE-2125999F5BD9}.Debug|Any CPU.Build.0 = Debug|Any CPU
		{17265F79-B057-4891-92EE-2125999F5BD9}.Release|Any CPU.ActiveCfg = Release|Any CPU
		{17265F79-B057-4891-92EE-2125999F5BD9}.Release|Any CPU.Build.0 = Release|Any CPU
	EndGlobalSection
	GlobalSection(SolutionProperties) = preSolution
		HideSolutionNode = FALSE
	EndGlobalSection
	GlobalSection(ExtensibilityGlobals) = postSolution
		SolutionGuid = {0E0E9768-5E4F-49F1-9E3A-E92B1CABB4AA}
	EndGlobalSection
EndGlobal
